
Microsoft Visual Studio Solution File, Format Version 12.00
# Visual Studio 15
VisualStudioVersion = 15.0.26430.15
MinimumVisualStudioVersion = 10.0.40219.1
Project("{FAE04EC0-301F-11D3-BF4B-00C04F79EFBC}") = "Bakalov.WebSite.Web", "Bakalov.WebSite.Web\Bakalov.WebSite.Web.csproj", "{FC533B59-F085-4D8A-B16A-C66B7C340CC4}"
EndProject
Project("{FAE04EC0-301F-11D3-BF4B-00C04F79EFBC}") = "Bakalov.WebSite.Web.Tests", "Bakalov.WebSite.Web.Tests\Bakalov.WebSite.Web.Tests.csproj", "{A47B00F8-FCDC-4E7A-BFDC-73AFF570F49D}"
EndProject
Project("{2150E333-8FDC-42A3-9474-1A3956D46DE8}") = "Data", "Data", "{9CCA0E1F-634E-4F43-A5C0-E07DC748362C}"
EndProject
Project("{FAE04EC0-301F-11D3-BF4B-00C04F79EFBC}") = "Bakalov.WebSite.Data", "Bakalov.WebSite.Data\Bakalov.WebSite.Data.csproj", "{101FA429-C3C9-4E3C-A12D-5E4A4B6844B0}"
EndProject
Project("{FAE04EC0-301F-11D3-BF4B-00C04F79EFBC}") = "Bakalov.WebSite.Data.Model", "Bakalov.WebSite.Data.Model\Bakalov.WebSite.Data.Model.csproj", "{40983990-718C-431C-A5A5-522E87247B27}"
EndProject
Project("{2150E333-8FDC-42A3-9474-1A3956D46DE8}") = "Services", "Services", "{5BDBC219-279E-4354-97EB-B8E40E09CE37}"
EndProject
Project("{FAE04EC0-301F-11D3-BF4B-00C04F79EFBC}") = "Bakalov.WebSite.Services", "Bakalov.WebSite.Services\Bakalov.WebSite.Services.csproj", "{C35B6B24-F81B-4E17-B042-9E671D93EA24}"
EndProject
Global
	GlobalSection(SolutionConfigurationPlatforms) = preSolution
		Debug|Any CPU = Debug|Any CPU
		Release|Any CPU = Release|Any CPU
	EndGlobalSection
	GlobalSection(ProjectConfigurationPlatforms) = postSolution
		{FC533B59-F085-4D8A-B16A-C66B7C340CC4}.Debug|Any CPU.ActiveCfg = Debug|Any CPU
		{FC533B59-F085-4D8A-B16A-C66B7C340CC4}.Debug|Any CPU.Build.0 = Debug|Any CPU
		{FC533B59-F085-4D8A-B16A-C66B7C340CC4}.Release|Any CPU.ActiveCfg = Release|Any CPU
		{FC533B59-F085-4D8A-B16A-C66B7C340CC4}.Release|Any CPU.Build.0 = Release|Any CPU
		{A47B00F8-FCDC-4E7A-BFDC-73AFF570F49D}.Debug|Any CPU.ActiveCfg = Debug|Any CPU
		{A47B00F8-FCDC-4E7A-BFDC-73AFF570F49D}.Debug|Any CPU.Build.0 = Debug|Any CPU
		{A47B00F8-FCDC-4E7A-BFDC-73AFF570F49D}.Release|Any CPU.ActiveCfg = Release|Any CPU
		{A47B00F8-FCDC-4E7A-BFDC-73AFF570F49D}.Release|Any CPU.Build.0 = Release|Any CPU
		{101FA429-C3C9-4E3C-A12D-5E4A4B6844B0}.Debug|Any CPU.ActiveCfg = Debug|Any CPU
		{101FA429-C3C9-4E3C-A12D-5E4A4B6844B0}.Debug|Any CPU.Build.0 = Debug|Any CPU
		{101FA429-C3C9-4E3C-A12D-5E4A4B6844B0}.Release|Any CPU.ActiveCfg = Release|Any CPU
		{101FA429-C3C9-4E3C-A12D-5E4A4B6844B0}.Release|Any CPU.Build.0 = Release|Any CPU
		{40983990-718C-431C-A5A5-522E87247B27}.Debug|Any CPU.ActiveCfg = Debug|Any CPU
		{40983990-718C-431C-A5A5-522E87247B27}.Debug|Any CPU.Build.0 = Debug|Any CPU
		{40983990-718C-431C-A5A5-522E87247B27}.Release|Any CPU.ActiveCfg = Release|Any CPU
		{40983990-718C-431C-A5A5-522E87247B27}.Release|Any CPU.Build.0 = Release|Any CPU
		{C35B6B24-F81B-4E17-B042-9E671D93EA24}.Debug|Any CPU.ActiveCfg = Debug|Any CPU
		{C35B6B24-F81B-4E17-B042-9E671D93EA24}.Debug|Any CPU.Build.0 = Debug|Any CPU
		{C35B6B24-F81B-4E17-B042-9E671D93EA24}.Release|Any CPU.ActiveCfg = Release|Any CPU
		{C35B6B24-F81B-4E17-B042-9E671D93EA24}.Release|Any CPU.Build.0 = Release|Any CPU
	EndGlobalSection
	GlobalSection(SolutionProperties) = preSolution
		HideSolutionNode = FALSE
	EndGlobalSection
	GlobalSection(NestedProjects) = preSolution
		{101FA429-C3C9-4E3C-A12D-5E4A4B6844B0} = {9CCA0E1F-634E-4F43-A5C0-E07DC748362C}
		{40983990-718C-431C-A5A5-522E87247B27} = {9CCA0E1F-634E-4F43-A5C0-E07DC748362C}
		{C35B6B24-F81B-4E17-B042-9E671D93EA24} = {5BDBC219-279E-4354-97EB-B8E40E09CE37}
	EndGlobalSection
EndGlobal
